PODS:
  - Realm (10.45.3):
    - Realm/Headers (= 10.45.3)
  - Realm/Headers (10.45.3)
  - RealmSwift (10.45.3):
    - Realm (= 10.45.3)
  - RxCocoa (6.8.0):
    - RxRelay (= 6.8.0)
    - RxSwift (= 6.8.0)
  - RxRelay (6.8.0):
    - RxSwift (= 6.8.0)
  - RxSwift (6.8.0)
  - SnapKit (5.7.1)
  - SwiftMessages (10.0.1):
    - SwiftMessages/App (= 10.0.1)
  - SwiftMessages/App (10.0.1)

DEPENDENCIES:
  - RealmSwift (~> 10.45.0)
  - RxCocoa (~> 6.0)
  - RxSwift (~> 6.0)
  - SnapKit (~> 5.0)
  - SwiftMessages

SPEC REPOS:
  trunk:
    - Realm
    - RealmSwift
    - RxCocoa
    - RxRelay
    - RxSwift
    - SnapKit
    - SwiftMessages

SPEC CHECKSUMS:
  Realm: b277b843c7505c1e30e3a70322a24a09283e62bb
  RealmSwift: f6690053e81733801e6619eb5b39993ab76f7050
  RxCocoa: 2d33c1e1e5d66492052ad46b11024ae287572880
  RxRelay: 335c78b926a2aea8d863a6d25f1ed3b5ad8e8705
  RxSwift: 4e28be97cbcfeee614af26d83415febbf2bf6f45
  SnapKit: d612e99e678a2d3b95bf60b0705ed0a35c03484a
  SwiftMessages: 759b4a0bf5c3a116a0d7e8a34b098ba83c458625

PODFILE CHECKSUM: 12f08fb115cb2151c405e9b223e11cafdb5214b7

COCOAPODS: 1.16.2
