// !$*UTF8*$!
{
	archiveVersion = 1;
	classes = {
	};
	objectVersion = 56;
	objects = {

/* Begin PBXBuildFile section */
		780D51042D27C0AC0014A9E1 /* SCSVGImageLoader.swift in Sources */ = {isa = PBXBuildFile; fileRef = 780D51032D27C0AC0014A9E1 /* SCSVGImageLoader.swift */; };
		780DDC222D267B66000CA610 /* UIFont+Custom.swift in Sources */ = {isa = PBXBuildFile; fileRef = 780DDC202D267B66000CA610 /* UIFont+Custom.swift */; };
		780DDCD12D268365000CA610 /* SCCameraManager.swift in Sources */ = {isa = PBXBuildFile; fileRef = 780DDCA92D268365000CA610 /* SCCameraManager.swift */; };
		780DDCD22D268365000CA610 /* SCError.swift in Sources */ = {isa = PBXBuildFile; fileRef = 780DDCAA2D268365000CA610 /* SCError.swift */; };
		780DDCD32D268365000CA610 /* SCFocusBoxView.swift in Sources */ = {isa = PBXBuildFile; fileRef = 780DDCAB2D268365000CA610 /* SCFocusBoxView.swift */; };
		780DDCD42D268365000CA610 /* SCGridView.swift in Sources */ = {isa = PBXBuildFile; fileRef = 780DDCAC2D268365000CA610 /* SCGridView.swift */; };
		780DDCD52D268365000CA610 /* SCHorizontalIndicatorView.swift in Sources */ = {isa = PBXBuildFile; fileRef = 780DDCAD2D268365000CA610 /* SCHorizontalIndicatorView.swift */; };
		780DDCD62D268365000CA610 /* SCLensModel.swift in Sources */ = {isa = PBXBuildFile; fileRef = 780DDCAE2D268365000CA610 /* SCLensModel.swift */; };
		780DDCD72D268365000CA610 /* SCPhotoSession.swift in Sources */ = {isa = PBXBuildFile; fileRef = 780DDCAF2D268365000CA610 /* SCPhotoSession.swift */; };
		780DDCD82D268365000CA610 /* SCPreviewView.swift in Sources */ = {isa = PBXBuildFile; fileRef = 780DDCB02D268365000CA610 /* SCPreviewView.swift */; };
		780DDCD92D268365000CA610 /* SCSession.swift in Sources */ = {isa = PBXBuildFile; fileRef = 780DDCB12D268365000CA610 /* SCSession.swift */; };
		780DDCDA2D268365000CA610 /* SCUtils.swift in Sources */ = {isa = PBXBuildFile; fileRef = 780DDCB22D268365000CA610 /* SCUtils.swift */; };
		780DDCDB2D268365000CA610 /* SCVideoSession.swift in Sources */ = {isa = PBXBuildFile; fileRef = 780DDCB32D268365000CA610 /* SCVideoSession.swift */; };
		7817491F2D1D2DE800521F2D /* ProFont-Bold.ttf in Resources */ = {isa = PBXBuildFile; fileRef = 7817491D2D1D2DE700521F2D /* ProFont-Bold.ttf */; };
		781749202D1D2DE800521F2D /* ProFont-regular.ttf in Resources */ = {isa = PBXBuildFile; fileRef = 7817491E2D1D2DE700521F2D /* ProFont-regular.ttf */; };
		782139512D41E621007AEDAE /* SCFilterAdjustView.swift in Sources */ = {isa = PBXBuildFile; fileRef = 782139502D41E621007AEDAE /* SCFilterAdjustView.swift */; };
		7822C4382D379F5800849682 /* UIImage+Extension.swift in Sources */ = {isa = PBXBuildFile; fileRef = 7822C4362D379F5800849682 /* UIImage+Extension.swift */; };
		7822E17E2D40DC2C006186D1 /* SCCameraVC.swift in Sources */ = {isa = PBXBuildFile; fileRef = 7822E14B2D40DC2C006186D1 /* SCCameraVC.swift */; };
		7822E17F2D40DC2C006186D1 /* SCCameraVC+SessionDelegate.swift in Sources */ = {isa = PBXBuildFile; fileRef = 7822E14C2D40DC2C006186D1 /* SCCameraVC+SessionDelegate.swift */; };
		7822E1802D40DC2C006186D1 /* SCCameraVC+ToolBarDelegate.swift in Sources */ = {isa = PBXBuildFile; fileRef = 7822E14D2D40DC2C006186D1 /* SCCameraVC+ToolBarDelegate.swift */; };
		7822E1812D40DC2C006186D1 /* SCCameraVC+ToolOptionsDelegate.swift in Sources */ = {isa = PBXBuildFile; fileRef = 7822E14E2D40DC2C006186D1 /* SCCameraVC+ToolOptionsDelegate.swift */; };
		7822E1822D40DC2C006186D1 /* SCLensSelectorView.swift in Sources */ = {isa = PBXBuildFile; fileRef = 7822E14F2D40DC2C006186D1 /* SCLensSelectorView.swift */; };
		7822E1842D40DC2C006186D1 /* SCActionSheet.swift in Sources */ = {isa = PBXBuildFile; fileRef = 7822E1522D40DC2C006186D1 /* SCActionSheet.swift */; };
		7822E1852D40DC2C006186D1 /* SCAlert.swift in Sources */ = {isa = PBXBuildFile; fileRef = 7822E1532D40DC2C006186D1 /* SCAlert.swift */; };
		7822E1862D40DC2C006186D1 /* SwiftMessages+Extension.swift in Sources */ = {isa = PBXBuildFile; fileRef = 7822E1552D40DC2C006186D1 /* SwiftMessages+Extension.swift */; };
		7822E1872D40DC2C006186D1 /* HomeVC.swift in Sources */ = {isa = PBXBuildFile; fileRef = 7822E1572D40DC2C006186D1 /* HomeVC.swift */; };
		7822E1882D40DC2C006186D1 /* SCToolItem.swift in Sources */ = {isa = PBXBuildFile; fileRef = 7822E1592D40DC2C006186D1 /* SCToolItem.swift */; };
		7822E1892D40DC2C006186D1 /* SCToolOption.swift in Sources */ = {isa = PBXBuildFile; fileRef = 7822E15A2D40DC2C006186D1 /* SCToolOption.swift */; };
		7822E18A2D40DC2C006186D1 /* SCToolState.swift in Sources */ = {isa = PBXBuildFile; fileRef = 7822E15B2D40DC2C006186D1 /* SCToolState.swift */; };
		7822E18B2D40DC2C006186D1 /* SCToolType.swift in Sources */ = {isa = PBXBuildFile; fileRef = 7822E15C2D40DC2C006186D1 /* SCToolType.swift */; };
		7822E18C2D40DC2C006186D1 /* SCCameraSettings.swift in Sources */ = {isa = PBXBuildFile; fileRef = 7822E15E2D40DC2C006186D1 /* SCCameraSettings.swift */; };
		7822E18D2D40DC2C006186D1 /* SCCameraSettingsManager.swift in Sources */ = {isa = PBXBuildFile; fileRef = 7822E15F2D40DC2C006186D1 /* SCCameraSettingsManager.swift */; };
		7822E18E2D40DC2C006186D1 /* SCPhotoInfo.swift in Sources */ = {isa = PBXBuildFile; fileRef = 7822E1602D40DC2C006186D1 /* SCPhotoInfo.swift */; };
		7822E18F2D40DC2C006186D1 /* SCFilterTemplate.swift in Sources */ = {isa = PBXBuildFile; fileRef = 7822E1622D40DC2C006186D1 /* SCFilterTemplate.swift */; };
		7822E1922D40DC2C006186D1 /* SCFilterOptionView.swift in Sources */ = {isa = PBXBuildFile; fileRef = 7822E1662D40DC2C006186D1 /* SCFilterOptionView.swift */; };
		7822E1942D40DC2C006186D1 /* SCFilterView.swift in Sources */ = {isa = PBXBuildFile; fileRef = 7822E1682D40DC2C006186D1 /* SCFilterView.swift */; };
		7822E1952D40DC2C006186D1 /* SCFilterView+Save.swift in Sources */ = {isa = PBXBuildFile; fileRef = 7822E1692D40DC2C006186D1 /* SCFilterView+Save.swift */; };
		7822E1962D40DC2C006186D1 /* SCPhotoInfoView.swift in Sources */ = {isa = PBXBuildFile; fileRef = 7822E16A2D40DC2C006186D1 /* SCPhotoInfoView.swift */; };
		7822E1972D40DC2C006186D1 /* SCPhotoPreviewToolbar.swift in Sources */ = {isa = PBXBuildFile; fileRef = 7822E16B2D40DC2C006186D1 /* SCPhotoPreviewToolbar.swift */; };
		7822E1992D40DC2C006186D1 /* SCPhotoZoomView.swift in Sources */ = {isa = PBXBuildFile; fileRef = 7822E16D2D40DC2C006186D1 /* SCPhotoZoomView.swift */; };
		7822E19B2D40DC2C006186D1 /* SCPhotoPreviewVC.swift in Sources */ = {isa = PBXBuildFile; fileRef = 7822E1702D40DC2C006186D1 /* SCPhotoPreviewVC.swift */; };
		7822E19C2D40DC2C006186D1 /* SCCameraToolBarDelegate.swift in Sources */ = {isa = PBXBuildFile; fileRef = 7822E1722D40DC2C006186D1 /* SCCameraToolBarDelegate.swift */; };
		7822E19D2D40DC2C006186D1 /* TestVC.swift in Sources */ = {isa = PBXBuildFile; fileRef = 7822E1742D40DC2C006186D1 /* TestVC.swift */; };
		7822E19E2D40DC2C006186D1 /* SCCameraToolBar.swift in Sources */ = {isa = PBXBuildFile; fileRef = 7822E1762D40DC2C006186D1 /* SCCameraToolBar.swift */; };
		7822E19F2D40DC2C006186D1 /* SCCameraToolCell.swift in Sources */ = {isa = PBXBuildFile; fileRef = 7822E1772D40DC2C006186D1 /* SCCameraToolCell.swift */; };
		7822E1A02D40DC2C006186D1 /* SCCameraToolOptionsView.swift in Sources */ = {isa = PBXBuildFile; fileRef = 7822E1782D40DC2C006186D1 /* SCCameraToolOptionsView.swift */; };
		7822E1A22D40DC2C006186D1 /* SCLoadingView.swift in Sources */ = {isa = PBXBuildFile; fileRef = 7822E17B2D40DC2C006186D1 /* SCLoadingView.swift */; };
		783345CE2D2BC01700CD3D67 /* SCScaleSlider.swift in Sources */ = {isa = PBXBuildFile; fileRef = 783345CD2D2BC01700CD3D67 /* SCScaleSlider.swift */; };
		78463F542D2F7C2000D7FA4C /* SCConstants.swift in Sources */ = {isa = PBXBuildFile; fileRef = 78463F532D2F7C2000D7FA4C /* SCConstants.swift */; };
		7868A9192D1412D700CBB2FB /* AppDelegate.swift in Sources */ = {isa = PBXBuildFile; fileRef = 7868A90B2D1412D700CBB2FB /* AppDelegate.swift */; };
		7868A91A2D1412D700CBB2FB /* Assets.xcassets in Resources */ = {isa = PBXBuildFile; fileRef = 7868A90C2D1412D700CBB2FB /* Assets.xcassets */; };
		7868A91C2D1412D700CBB2FB /* LaunchScreen.storyboard in Resources */ = {isa = PBXBuildFile; fileRef = 7868A90F2D1412D700CBB2FB /* LaunchScreen.storyboard */; };
		7868A91D2D1412D700CBB2FB /* Main.storyboard in Resources */ = {isa = PBXBuildFile; fileRef = 7868A9112D1412D700CBB2FB /* Main.storyboard */; };
		7868A91E2D1412D700CBB2FB /* Podfile in Resources */ = {isa = PBXBuildFile; fileRef = 7868A9122D1412D700CBB2FB /* Podfile */; };
		7868A91F2D1412D700CBB2FB /* SceneDelegate.swift in Sources */ = {isa = PBXBuildFile; fileRef = 7868A9132D1412D700CBB2FB /* SceneDelegate.swift */; };
		EF358B93AFDB670D408BB2BD /* Pods_SparkCamera.framework in Frameworks */ = {isa = PBXBuildFile; fileRef = E7C103E5C423F592342A2FB6 /* Pods_SparkCamera.framework */; };
/* End PBXBuildFile section */

/* Begin PBXFileReference section */
		5EAAE86D17748F0CE08BF087 /* Pods-SparkCamera.debug.xcconfig */ = {isa = PBXFileReference; includeInIndex = 1; lastKnownFileType = text.xcconfig; name = "Pods-SparkCamera.debug.xcconfig"; path = "Target Support Files/Pods-SparkCamera/Pods-SparkCamera.debug.xcconfig"; sourceTree = "<group>"; };
		780D51032D27C0AC0014A9E1 /* SCSVGImageLoader.swift */ = {isa = PBXFileReference; fileEncoding = 4; lastKnownFileType = sourcecode.swift; path = SCSVGImageLoader.swift; sourceTree = "<group>"; };
		780DDC202D267B66000CA610 /* UIFont+Custom.swift */ = {isa = PBXFileReference; fileEncoding = 4; lastKnownFileType = sourcecode.swift; path = "UIFont+Custom.swift"; sourceTree = "<group>"; };
		780DDCA92D268365000CA610 /* SCCameraManager.swift */ = {isa = PBXFileReference; fileEncoding = 4; lastKnownFileType = sourcecode.swift; path = SCCameraManager.swift; sourceTree = "<group>"; };
		780DDCAA2D268365000CA610 /* SCError.swift */ = {isa = PBXFileReference; fileEncoding = 4; lastKnownFileType = sourcecode.swift; path = SCError.swift; sourceTree = "<group>"; };
		780DDCAB2D268365000CA610 /* SCFocusBoxView.swift */ = {isa = PBXFileReference; fileEncoding = 4; lastKnownFileType = sourcecode.swift; path = SCFocusBoxView.swift; sourceTree = "<group>"; };
		780DDCAC2D268365000CA610 /* SCGridView.swift */ = {isa = PBXFileReference; fileEncoding = 4; lastKnownFileType = sourcecode.swift; path = SCGridView.swift; sourceTree = "<group>"; };
		780DDCAD2D268365000CA610 /* SCHorizontalIndicatorView.swift */ = {isa = PBXFileReference; fileEncoding = 4; lastKnownFileType = sourcecode.swift; path = SCHorizontalIndicatorView.swift; sourceTree = "<group>"; };
		780DDCAE2D268365000CA610 /* SCLensModel.swift */ = {isa = PBXFileReference; fileEncoding = 4; lastKnownFileType = sourcecode.swift; path = SCLensModel.swift; sourceTree = "<group>"; };
		780DDCAF2D268365000CA610 /* SCPhotoSession.swift */ = {isa = PBXFileReference; fileEncoding = 4; lastKnownFileType = sourcecode.swift; path = SCPhotoSession.swift; sourceTree = "<group>"; };
		780DDCB02D268365000CA610 /* SCPreviewView.swift */ = {isa = PBXFileReference; fileEncoding = 4; lastKnownFileType = sourcecode.swift; path = SCPreviewView.swift; sourceTree = "<group>"; };
		780DDCB12D268365000CA610 /* SCSession.swift */ = {isa = PBXFileReference; fileEncoding = 4; lastKnownFileType = sourcecode.swift; path = SCSession.swift; sourceTree = "<group>"; };
		780DDCB22D268365000CA610 /* SCUtils.swift */ = {isa = PBXFileReference; fileEncoding = 4; lastKnownFileType = sourcecode.swift; path = SCUtils.swift; sourceTree = "<group>"; };
		780DDCB32D268365000CA610 /* SCVideoSession.swift */ = {isa = PBXFileReference; fileEncoding = 4; lastKnownFileType = sourcecode.swift; path = SCVideoSession.swift; sourceTree = "<group>"; };
		7817491D2D1D2DE700521F2D /* ProFont-Bold.ttf */ = {isa = PBXFileReference; lastKnownFileType = file; path = "ProFont-Bold.ttf"; sourceTree = "<group>"; };
		7817491E2D1D2DE700521F2D /* ProFont-regular.ttf */ = {isa = PBXFileReference; lastKnownFileType = file; path = "ProFont-regular.ttf"; sourceTree = "<group>"; };
		782139502D41E621007AEDAE /* SCFilterAdjustView.swift */ = {isa = PBXFileReference; fileEncoding = 4; lastKnownFileType = sourcecode.swift; path = SCFilterAdjustView.swift; sourceTree = "<group>"; };
		7822C4362D379F5800849682 /* UIImage+Extension.swift */ = {isa = PBXFileReference; fileEncoding = 4; lastKnownFileType = sourcecode.swift; path = "UIImage+Extension.swift"; sourceTree = "<group>"; };
		7822E14B2D40DC2C006186D1 /* SCCameraVC.swift */ = {isa = PBXFileReference; fileEncoding = 4; lastKnownFileType = sourcecode.swift; path = SCCameraVC.swift; sourceTree = "<group>"; };
		7822E14C2D40DC2C006186D1 /* SCCameraVC+SessionDelegate.swift */ = {isa = PBXFileReference; fileEncoding = 4; lastKnownFileType = sourcecode.swift; path = "SCCameraVC+SessionDelegate.swift"; sourceTree = "<group>"; };
		7822E14D2D40DC2C006186D1 /* SCCameraVC+ToolBarDelegate.swift */ = {isa = PBXFileReference; fileEncoding = 4; lastKnownFileType = sourcecode.swift; path = "SCCameraVC+ToolBarDelegate.swift"; sourceTree = "<group>"; };
		7822E14E2D40DC2C006186D1 /* SCCameraVC+ToolOptionsDelegate.swift */ = {isa = PBXFileReference; fileEncoding = 4; lastKnownFileType = sourcecode.swift; path = "SCCameraVC+ToolOptionsDelegate.swift"; sourceTree = "<group>"; };
		7822E14F2D40DC2C006186D1 /* SCLensSelectorView.swift */ = {isa = PBXFileReference; fileEncoding = 4; lastKnownFileType = sourcecode.swift; path = SCLensSelectorView.swift; sourceTree = "<group>"; };
		7822E1522D40DC2C006186D1 /* SCActionSheet.swift */ = {isa = PBXFileReference; fileEncoding = 4; lastKnownFileType = sourcecode.swift; path = SCActionSheet.swift; sourceTree = "<group>"; };
		7822E1532D40DC2C006186D1 /* SCAlert.swift */ = {isa = PBXFileReference; fileEncoding = 4; lastKnownFileType = sourcecode.swift; path = SCAlert.swift; sourceTree = "<group>"; };
		7822E1552D40DC2C006186D1 /* SwiftMessages+Extension.swift */ = {isa = PBXFileReference; fileEncoding = 4; lastKnownFileType = sourcecode.swift; path = "SwiftMessages+Extension.swift"; sourceTree = "<group>"; };
		7822E1572D40DC2C006186D1 /* HomeVC.swift */ = {isa = PBXFileReference; fileEncoding = 4; lastKnownFileType = sourcecode.swift; path = HomeVC.swift; sourceTree = "<group>"; };
		7822E1592D40DC2C006186D1 /* SCToolItem.swift */ = {isa = PBXFileReference; fileEncoding = 4; lastKnownFileType = sourcecode.swift; path = SCToolItem.swift; sourceTree = "<group>"; };
		7822E15A2D40DC2C006186D1 /* SCToolOption.swift */ = {isa = PBXFileReference; fileEncoding = 4; lastKnownFileType = sourcecode.swift; path = SCToolOption.swift; sourceTree = "<group>"; };
		7822E15B2D40DC2C006186D1 /* SCToolState.swift */ = {isa = PBXFileReference; fileEncoding = 4; lastKnownFileType = sourcecode.swift; path = SCToolState.swift; sourceTree = "<group>"; };
		7822E15C2D40DC2C006186D1 /* SCToolType.swift */ = {isa = PBXFileReference; fileEncoding = 4; lastKnownFileType = sourcecode.swift; path = SCToolType.swift; sourceTree = "<group>"; };
		7822E15E2D40DC2C006186D1 /* SCCameraSettings.swift */ = {isa = PBXFileReference; fileEncoding = 4; lastKnownFileType = sourcecode.swift; path = SCCameraSettings.swift; sourceTree = "<group>"; };
		7822E15F2D40DC2C006186D1 /* SCCameraSettingsManager.swift */ = {isa = PBXFileReference; fileEncoding = 4; lastKnownFileType = sourcecode.swift; path = SCCameraSettingsManager.swift; sourceTree = "<group>"; };
		7822E1602D40DC2C006186D1 /* SCPhotoInfo.swift */ = {isa = PBXFileReference; fileEncoding = 4; lastKnownFileType = sourcecode.swift; path = SCPhotoInfo.swift; sourceTree = "<group>"; };
		7822E1622D40DC2C006186D1 /* SCFilterTemplate.swift */ = {isa = PBXFileReference; fileEncoding = 4; lastKnownFileType = sourcecode.swift; path = SCFilterTemplate.swift; sourceTree = "<group>"; };
		7822E1662D40DC2C006186D1 /* SCFilterOptionView.swift */ = {isa = PBXFileReference; fileEncoding = 4; lastKnownFileType = sourcecode.swift; path = SCFilterOptionView.swift; sourceTree = "<group>"; };
		7822E1682D40DC2C006186D1 /* SCFilterView.swift */ = {isa = PBXFileReference; fileEncoding = 4; lastKnownFileType = sourcecode.swift; path = SCFilterView.swift; sourceTree = "<group>"; };
		7822E1692D40DC2C006186D1 /* SCFilterView+Save.swift */ = {isa = PBXFileReference; fileEncoding = 4; lastKnownFileType = sourcecode.swift; path = "SCFilterView+Save.swift"; sourceTree = "<group>"; };
		7822E16A2D40DC2C006186D1 /* SCPhotoInfoView.swift */ = {isa = PBXFileReference; fileEncoding = 4; lastKnownFileType = sourcecode.swift; path = SCPhotoInfoView.swift; sourceTree = "<group>"; };
		7822E16B2D40DC2C006186D1 /* SCPhotoPreviewToolbar.swift */ = {isa = PBXFileReference; fileEncoding = 4; lastKnownFileType = sourcecode.swift; path = SCPhotoPreviewToolbar.swift; sourceTree = "<group>"; };
		7822E16D2D40DC2C006186D1 /* SCPhotoZoomView.swift */ = {isa = PBXFileReference; fileEncoding = 4; lastKnownFileType = sourcecode.swift; path = SCPhotoZoomView.swift; sourceTree = "<group>"; };
		7822E1702D40DC2C006186D1 /* SCPhotoPreviewVC.swift */ = {isa = PBXFileReference; fileEncoding = 4; lastKnownFileType = sourcecode.swift; path = SCPhotoPreviewVC.swift; sourceTree = "<group>"; };
		7822E1722D40DC2C006186D1 /* SCCameraToolBarDelegate.swift */ = {isa = PBXFileReference; fileEncoding = 4; lastKnownFileType = sourcecode.swift; path = SCCameraToolBarDelegate.swift; sourceTree = "<group>"; };
		7822E1742D40DC2C006186D1 /* TestVC.swift */ = {isa = PBXFileReference; fileEncoding = 4; lastKnownFileType = sourcecode.swift; path = TestVC.swift; sourceTree = "<group>"; };
		7822E1762D40DC2C006186D1 /* SCCameraToolBar.swift */ = {isa = PBXFileReference; fileEncoding = 4; lastKnownFileType = sourcecode.swift; path = SCCameraToolBar.swift; sourceTree = "<group>"; };
		7822E1772D40DC2C006186D1 /* SCCameraToolCell.swift */ = {isa = PBXFileReference; fileEncoding = 4; lastKnownFileType = sourcecode.swift; path = SCCameraToolCell.swift; sourceTree = "<group>"; };
		7822E1782D40DC2C006186D1 /* SCCameraToolOptionsView.swift */ = {isa = PBXFileReference; fileEncoding = 4; lastKnownFileType = sourcecode.swift; path = SCCameraToolOptionsView.swift; sourceTree = "<group>"; };
		7822E17B2D40DC2C006186D1 /* SCLoadingView.swift */ = {isa = PBXFileReference; fileEncoding = 4; lastKnownFileType = sourcecode.swift; path = SCLoadingView.swift; sourceTree = "<group>"; };
		783345CD2D2BC01700CD3D67 /* SCScaleSlider.swift */ = {isa = PBXFileReference; fileEncoding = 4; lastKnownFileType = sourcecode.swift; path = SCScaleSlider.swift; sourceTree = "<group>"; };
		78463F532D2F7C2000D7FA4C /* SCConstants.swift */ = {isa = PBXFileReference; fileEncoding = 4; lastKnownFileType = sourcecode.swift; name = SCConstants.swift; path = SparkCamera/Utilities/SCConstants.swift; sourceTree = SOURCE_ROOT; };
		7868A8B92D140E8F00CBB2FB /* SparkCamera.app */ = {isa = PBXFileReference; explicitFileType = wrapper.application; includeInIndex = 0; path = SparkCamera.app; sourceTree = BUILT_PRODUCTS_DIR; };
		7868A90B2D1412D700CBB2FB /* AppDelegate.swift */ = {isa = PBXFileReference; fileEncoding = 4; lastKnownFileType = sourcecode.swift; path = AppDelegate.swift; sourceTree = "<group>"; };
		7868A90C2D1412D700CBB2FB /* Assets.xcassets */ = {isa = PBXFileReference; lastKnownFileType = folder.assetcatalog; path = Assets.xcassets; sourceTree = "<group>"; };
		7868A90D2D1412D700CBB2FB /* Info.plist */ = {isa = PBXFileReference; fileEncoding = 4; lastKnownFileType = text.plist.xml; path = Info.plist; sourceTree = "<group>"; };
		7868A90E2D1412D700CBB2FB /* Base */ = {isa = PBXFileReference; lastKnownFileType = file.storyboard; name = Base; path = Base.lproj/LaunchScreen.storyboard; sourceTree = "<group>"; };
		7868A9102D1412D700CBB2FB /* Base */ = {isa = PBXFileReference; lastKnownFileType = file.storyboard; name = Base; path = Base.lproj/Main.storyboard; sourceTree = "<group>"; };
		7868A9122D1412D700CBB2FB /* Podfile */ = {isa = PBXFileReference; fileEncoding = 4; lastKnownFileType = text; path = Podfile; sourceTree = "<group>"; };
		7868A9132D1412D700CBB2FB /* SceneDelegate.swift */ = {isa = PBXFileReference; fileEncoding = 4; lastKnownFileType = sourcecode.swift; path = SceneDelegate.swift; sourceTree = "<group>"; };
		8DEB818EFD478EA8CA72924F /* Pods-SparkCamera.release.xcconfig */ = {isa = PBXFileReference; includeInIndex = 1; lastKnownFileType = text.xcconfig; name = "Pods-SparkCamera.release.xcconfig"; path = "Target Support Files/Pods-SparkCamera/Pods-SparkCamera.release.xcconfig"; sourceTree = "<group>"; };
		E7C103E5C423F592342A2FB6 /* Pods_SparkCamera.framework */ = {isa = PBXFileReference; explicitFileType = wrapper.framework; includeInIndex = 0; path = Pods_SparkCamera.framework; sourceTree = BUILT_PRODUCTS_DIR; };
/* End PBXFileReference section */

/* Begin PBXFrameworksBuildPhase section */
		7868A8B62D140E8F00CBB2FB /* Frameworks */ = {
			isa = PBXFrameworksBuildPhase;
			buildActionMask = 2147483647;
			files = (
				EF358B93AFDB670D408BB2BD /* Pods_SparkCamera.framework in Frameworks */,
			);
			runOnlyForDeploymentPostprocessing = 0;
		};
/* End PBXFrameworksBuildPhase section */

/* Begin PBXGroup section */
		66933ACF6D534257F7A6CE7E /* Pods */ = {
			isa = PBXGroup;
			children = (
				5EAAE86D17748F0CE08BF087 /* Pods-SparkCamera.debug.xcconfig */,
				8DEB818EFD478EA8CA72924F /* Pods-SparkCamera.release.xcconfig */,
			);
			path = Pods;
			sourceTree = "<group>";
		};
		780D50FB2D27BC090014A9E1 /* Resource */ = {
			isa = PBXGroup;
			children = (
			);
			path = Resource;
			sourceTree = "<group>";
		};
		780DDC212D267B66000CA610 /* Utilities */ = {
			isa = PBXGroup;
			children = (
				78463F532D2F7C2000D7FA4C /* SCConstants.swift */,
				783345CD2D2BC01700CD3D67 /* SCScaleSlider.swift */,
				780D51032D27C0AC0014A9E1 /* SCSVGImageLoader.swift */,
				780DDC202D267B66000CA610 /* UIFont+Custom.swift */,
			);
			path = Utilities;
			sourceTree = "<group>";
		};
		780DDCB42D268365000CA610 /* CameraKit */ = {
			isa = PBXGroup;
			children = (
				780DDCA92D268365000CA610 /* SCCameraManager.swift */,
				780DDCAA2D268365000CA610 /* SCError.swift */,
				780DDCAB2D268365000CA610 /* SCFocusBoxView.swift */,
				780DDCAC2D268365000CA610 /* SCGridView.swift */,
				780DDCAD2D268365000CA610 /* SCHorizontalIndicatorView.swift */,
				780DDCAE2D268365000CA610 /* SCLensModel.swift */,
				780DDCAF2D268365000CA610 /* SCPhotoSession.swift */,
				780DDCB02D268365000CA610 /* SCPreviewView.swift */,
				780DDCB12D268365000CA610 /* SCSession.swift */,
				780DDCB22D268365000CA610 /* SCUtils.swift */,
				780DDCB32D268365000CA610 /* SCVideoSession.swift */,
			);
			path = CameraKit;
			sourceTree = "<group>";
		};
		7822C4372D379F5800849682 /* Extensions */ = {
			isa = PBXGroup;
			children = (
				7822C4362D379F5800849682 /* UIImage+Extension.swift */,
			);
			path = Extensions;
			sourceTree = "<group>";
		};
		7822E1512D40DC2C006186D1 /* Camera */ = {
			isa = PBXGroup;
			children = (
				7822E14B2D40DC2C006186D1 /* SCCameraVC.swift */,
				7822E14C2D40DC2C006186D1 /* SCCameraVC+SessionDelegate.swift */,
				7822E14D2D40DC2C006186D1 /* SCCameraVC+ToolBarDelegate.swift */,
				7822E14E2D40DC2C006186D1 /* SCCameraVC+ToolOptionsDelegate.swift */,
				7822E14F2D40DC2C006186D1 /* SCLensSelectorView.swift */,
			);
			path = Camera;
			sourceTree = "<group>";
		};
		7822E1542D40DC2C006186D1 /* Common */ = {
			isa = PBXGroup;
			children = (
				7822E1522D40DC2C006186D1 /* SCActionSheet.swift */,
				7822E1532D40DC2C006186D1 /* SCAlert.swift */,
			);
			path = Common;
			sourceTree = "<group>";
		};
		7822E1562D40DC2C006186D1 /* Extensions */ = {
			isa = PBXGroup;
			children = (
				7822E1552D40DC2C006186D1 /* SwiftMessages+Extension.swift */,
			);
			path = Extensions;
			sourceTree = "<group>";
		};
		7822E1582D40DC2C006186D1 /* Home */ = {
			isa = PBXGroup;
			children = (
				7822E1572D40DC2C006186D1 /* HomeVC.swift */,
			);
			path = Home;
			sourceTree = "<group>";
		};
		7822E15D2D40DC2C006186D1 /* Tools */ = {
			isa = PBXGroup;
			children = (
				7822E1592D40DC2C006186D1 /* SCToolItem.swift */,
				7822E15A2D40DC2C006186D1 /* SCToolOption.swift */,
				7822E15B2D40DC2C006186D1 /* SCToolState.swift */,
				7822E15C2D40DC2C006186D1 /* SCToolType.swift */,
			);
			path = Tools;
			sourceTree = "<group>";
		};
		7822E1612D40DC2C006186D1 /* Models */ = {
			isa = PBXGroup;
			children = (
				7822E15D2D40DC2C006186D1 /* Tools */,
				7822E15E2D40DC2C006186D1 /* SCCameraSettings.swift */,
				7822E15F2D40DC2C006186D1 /* SCCameraSettingsManager.swift */,
				7822E1602D40DC2C006186D1 /* SCPhotoInfo.swift */,
			);
			path = Models;
			sourceTree = "<group>";
		};
		7822E1632D40DC2C006186D1 /* Models */ = {
			isa = PBXGroup;
			children = (
				7822E1622D40DC2C006186D1 /* SCFilterTemplate.swift */,
			);
			path = Models;
			sourceTree = "<group>";
		};
		7822E16F2D40DC2C006186D1 /* Views */ = {
			isa = PBXGroup;
			children = (
				782139502D41E621007AEDAE /* SCFilterAdjustView.swift */,
				7822E1662D40DC2C006186D1 /* SCFilterOptionView.swift */,
				7822E1682D40DC2C006186D1 /* SCFilterView.swift */,
				7822E1692D40DC2C006186D1 /* SCFilterView+Save.swift */,
				7822E16A2D40DC2C006186D1 /* SCPhotoInfoView.swift */,
				7822E16B2D40DC2C006186D1 /* SCPhotoPreviewToolbar.swift */,
				7822E16D2D40DC2C006186D1 /* SCPhotoZoomView.swift */,
			);
			path = Views;
			sourceTree = "<group>";
		};
		7822E1712D40DC2C006186D1 /* PhotoPreview */ = {
			isa = PBXGroup;
			children = (
				7822E1632D40DC2C006186D1 /* Models */,
				7822E16F2D40DC2C006186D1 /* Views */,
				7822E1702D40DC2C006186D1 /* SCPhotoPreviewVC.swift */,
			);
			path = PhotoPreview;
			sourceTree = "<group>";
		};
		7822E1732D40DC2C006186D1 /* Protocols */ = {
			isa = PBXGroup;
			children = (
				7822E1722D40DC2C006186D1 /* SCCameraToolBarDelegate.swift */,
			);
			path = Protocols;
			sourceTree = "<group>";
		};
		7822E1752D40DC2C006186D1 /* Test */ = {
			isa = PBXGroup;
			children = (
				7822E1742D40DC2C006186D1 /* TestVC.swift */,
			);
			path = Test;
			sourceTree = "<group>";
		};
		7822E1792D40DC2C006186D1 /* ToolBar */ = {
			isa = PBXGroup;
			children = (
				7822E1762D40DC2C006186D1 /* SCCameraToolBar.swift */,
				7822E1772D40DC2C006186D1 /* SCCameraToolCell.swift */,
				7822E1782D40DC2C006186D1 /* SCCameraToolOptionsView.swift */,
			);
			path = ToolBar;
			sourceTree = "<group>";
		};
		7822E17C2D40DC2C006186D1 /* Views */ = {
			isa = PBXGroup;
			children = (
				7822E1792D40DC2C006186D1 /* ToolBar */,
				7822E17B2D40DC2C006186D1 /* SCLoadingView.swift */,
			);
			path = Views;
			sourceTree = "<group>";
		};
		7822E17D2D40DC2C006186D1 /* Modules */ = {
			isa = PBXGroup;
			children = (
				7822E1512D40DC2C006186D1 /* Camera */,
				7822E1542D40DC2C006186D1 /* Common */,
				7822E1562D40DC2C006186D1 /* Extensions */,
				7822E1582D40DC2C006186D1 /* Home */,
				7822E1612D40DC2C006186D1 /* Models */,
				7822E1712D40DC2C006186D1 /* PhotoPreview */,
				7822E1732D40DC2C006186D1 /* Protocols */,
				7822E1752D40DC2C006186D1 /* Test */,
				7822E17C2D40DC2C006186D1 /* Views */,
			);
			path = Modules;
			sourceTree = "<group>";
		};
		7868A8B02D140E8F00CBB2FB = {
			isa = PBXGroup;
			children = (
				7868A9142D1412D700CBB2FB /* SparkCamera */,
				7868A8BA2D140E8F00CBB2FB /* Products */,
				66933ACF6D534257F7A6CE7E /* Pods */,
				88AE9370E3F73C4E988C86BC /* Frameworks */,
			);
			sourceTree = "<group>";
		};
		7868A8BA2D140E8F00CBB2FB /* Products */ = {
			isa = PBXGroup;
			children = (
				7868A8B92D140E8F00CBB2FB /* SparkCamera.app */,
			);
			name = Products;
			sourceTree = "<group>";
		};
		7868A9142D1412D700CBB2FB /* SparkCamera */ = {
			isa = PBXGroup;
			children = (
				7822E17D2D40DC2C006186D1 /* Modules */,
				7822C4372D379F5800849682 /* Extensions */,
				780DDCB42D268365000CA610 /* CameraKit */,
				780DDC212D267B66000CA610 /* Utilities */,
				7868A90B2D1412D700CBB2FB /* AppDelegate.swift */,
				7868A90C2D1412D700CBB2FB /* Assets.xcassets */,
				780D50FB2D27BC090014A9E1 /* Resource */,
				7868A90D2D1412D700CBB2FB /* Info.plist */,
				7868A90F2D1412D700CBB2FB /* LaunchScreen.storyboard */,
				7868A9112D1412D700CBB2FB /* Main.storyboard */,
				7868A9122D1412D700CBB2FB /* Podfile */,
				7817491D2D1D2DE700521F2D /* ProFont-Bold.ttf */,
				7817491E2D1D2DE700521F2D /* ProFont-regular.ttf */,
				7868A9132D1412D700CBB2FB /* SceneDelegate.swift */,
			);
			path = SparkCamera;
			sourceTree = "<group>";
		};
		88AE9370E3F73C4E988C86BC /* Frameworks */ = {
			isa = PBXGroup;
			children = (
				E7C103E5C423F592342A2FB6 /* Pods_SparkCamera.framework */,
			);
			name = Frameworks;
			sourceTree = "<group>";
		};
/* End PBXGroup section */

/* Begin PBXNativeTarget section */
		7868A8B82D140E8F00CBB2FB /* SparkCamera */ = {
			isa = PBXNativeTarget;
			buildConfigurationList = 7868A8CD2D140E9000CBB2FB /* Build configuration list for PBXNativeTarget "SparkCamera" */;
			buildPhases = (
				763B37162040348C44F6A7FB /* [CP] Check Pods Manifest.lock */,
				7868A8B52D140E8F00CBB2FB /* Sources */,
				7868A8B62D140E8F00CBB2FB /* Frameworks */,
				7868A8B72D140E8F00CBB2FB /* Resources */,
				3C087AAB9BF31A8FA00A5645 /* [CP] Embed Pods Frameworks */,
			);
			buildRules = (
			);
			dependencies = (
			);
			name = SparkCamera;
			productName = SparkCamera;
			productReference = 7868A8B92D140E8F00CBB2FB /* SparkCamera.app */;
			productType = "com.apple.product-type.application";
		};
/* End PBXNativeTarget section */

/* Begin PBXProject section */
		7868A8B12D140E8F00CBB2FB /* Project object */ = {
			isa = PBXProject;
			attributes = {
				BuildIndependentTargetsInParallel = 1;
				LastSwiftUpdateCheck = 1530;
				LastUpgradeCheck = 1530;
				TargetAttributes = {
					7868A8B82D140E8F00CBB2FB = {
						CreatedOnToolsVersion = 15.3;
					};
				};
			};
			buildConfigurationList = 7868A8B42D140E8F00CBB2FB /* Build configuration list for PBXProject "SparkCamera" */;
			compatibilityVersion = "Xcode 14.0";
			developmentRegion = en;
			hasScannedForEncodings = 0;
			knownRegions = (
				en,
				Base,
			);
			mainGroup = 7868A8B02D140E8F00CBB2FB;
			productRefGroup = 7868A8BA2D140E8F00CBB2FB /* Products */;
			projectDirPath = "";
			projectRoot = "";
			targets = (
				7868A8B82D140E8F00CBB2FB /* SparkCamera */,
			);
		};
/* End PBXProject section */

/* Begin PBXResourcesBuildPhase section */
		7868A8B72D140E8F00CBB2FB /* Resources */ = {
			isa = PBXResourcesBuildPhase;
			buildActionMask = 2147483647;
			files = (
				7817491F2D1D2DE800521F2D /* ProFont-Bold.ttf in Resources */,
				7868A91E2D1412D700CBB2FB /* Podfile in Resources */,
				7868A91C2D1412D700CBB2FB /* LaunchScreen.storyboard in Resources */,
				781749202D1D2DE800521F2D /* ProFont-regular.ttf in Resources */,
				7868A91A2D1412D700CBB2FB /* Assets.xcassets in Resources */,
				7868A91D2D1412D700CBB2FB /* Main.storyboard in Resources */,
			);
			runOnlyForDeploymentPostprocessing = 0;
		};
/* End PBXResourcesBuildPhase section */

/* Begin PBXShellScriptBuildPhase section */
		3C087AAB9BF31A8FA00A5645 /* [CP] Embed Pods Frameworks */ = {
			isa = PBXShellScriptBuildPhase;
			buildActionMask = 2147483647;
			files = (
			);
			inputFileListPaths = (
				"${PODS_ROOT}/Target Support Files/Pods-SparkCamera/Pods-SparkCamera-frameworks-${CONFIGURATION}-input-files.xcfilelist",
			);
			inputPaths = (
			);
			name = "[CP] Embed Pods Frameworks";
			outputFileListPaths = (
				"${PODS_ROOT}/Target Support Files/Pods-SparkCamera/Pods-SparkCamera-frameworks-${CONFIGURATION}-output-files.xcfilelist",
			);
			outputPaths = (
			);
			runOnlyForDeploymentPostprocessing = 0;
			shellPath = /bin/sh;
			shellScript = "\"${PODS_ROOT}/Target Support Files/Pods-SparkCamera/Pods-SparkCamera-frameworks.sh\"\n";
			showEnvVarsInLog = 0;
		};
		763B37162040348C44F6A7FB /* [CP] Check Pods Manifest.lock */ = {
			isa = PBXShellScriptBuildPhase;
			buildActionMask = 2147483647;
			files = (
			);
			inputFileListPaths = (
			);
			inputPaths = (
				"${PODS_PODFILE_DIR_PATH}/Podfile.lock",
				"${PODS_ROOT}/Manifest.lock",
			);
			name = "[CP] Check Pods Manifest.lock";
			outputFileListPaths = (
			);
			outputPaths = (
				"$(DERIVED_FILE_DIR)/Pods-SparkCamera-checkManifestLockResult.txt",
			);
			runOnlyForDeploymentPostprocessing = 0;
			shellPath = /bin/sh;
			shellScript = "diff \"${PODS_PODFILE_DIR_PATH}/Podfile.lock\" \"${PODS_ROOT}/Manifest.lock\" > /dev/null\nif [ $? != 0 ] ; then\n    # print error to STDERR\n    echo \"error: The sandbox is not in sync with the Podfile.lock. Run 'pod install' or update your CocoaPods installation.\" >&2\n    exit 1\nfi\n# This output is used by Xcode 'outputs' to avoid re-running this script phase.\necho \"SUCCESS\" > \"${SCRIPT_OUTPUT_FILE_0}\"\n";
			showEnvVarsInLog = 0;
		};
/* End PBXShellScriptBuildPhase section */

/* Begin PBXSourcesBuildPhase section */
		7868A8B52D140E8F00CBB2FB /* Sources */ = {
			isa = PBXSourcesBuildPhase;
			buildActionMask = 2147483647;
			files = (
				7822E18C2D40DC2C006186D1 /* SCCameraSettings.swift in Sources */,
				783345CE2D2BC01700CD3D67 /* SCScaleSlider.swift in Sources */,
				7822E18B2D40DC2C006186D1 /* SCToolType.swift in Sources */,
				7822E1872D40DC2C006186D1 /* HomeVC.swift in Sources */,
				7822E1812D40DC2C006186D1 /* SCCameraVC+ToolOptionsDelegate.swift in Sources */,
				780DDCDA2D268365000CA610 /* SCUtils.swift in Sources */,
				7822E1862D40DC2C006186D1 /* SwiftMessages+Extension.swift in Sources */,
				7822E1922D40DC2C006186D1 /* SCFilterOptionView.swift in Sources */,
				7822E18D2D40DC2C006186D1 /* SCCameraSettingsManager.swift in Sources */,
				7822E18A2D40DC2C006186D1 /* SCToolState.swift in Sources */,
				780DDCD82D268365000CA610 /* SCPreviewView.swift in Sources */,
				780DDCDB2D268365000CA610 /* SCVideoSession.swift in Sources */,
				780DDCD42D268365000CA610 /* SCGridView.swift in Sources */,
				7822E1A02D40DC2C006186D1 /* SCCameraToolOptionsView.swift in Sources */,
				7822E1972D40DC2C006186D1 /* SCPhotoPreviewToolbar.swift in Sources */,
				7822E1942D40DC2C006186D1 /* SCFilterView.swift in Sources */,
				780DDCD62D268365000CA610 /* SCLensModel.swift in Sources */,
				7822E1962D40DC2C006186D1 /* SCPhotoInfoView.swift in Sources */,
				780DDC222D267B66000CA610 /* UIFont+Custom.swift in Sources */,
				7822E19F2D40DC2C006186D1 /* SCCameraToolCell.swift in Sources */,
				782139512D41E621007AEDAE /* SCFilterAdjustView.swift in Sources */,
				7822E19C2D40DC2C006186D1 /* SCCameraToolBarDelegate.swift in Sources */,
				7822E1842D40DC2C006186D1 /* SCActionSheet.swift in Sources */,
				7822E17E2D40DC2C006186D1 /* SCCameraVC.swift in Sources */,
				7822E18F2D40DC2C006186D1 /* SCFilterTemplate.swift in Sources */,
				7822E1952D40DC2C006186D1 /* SCFilterView+Save.swift in Sources */,
				7822E19B2D40DC2C006186D1 /* SCPhotoPreviewVC.swift in Sources */,
				7822E19D2D40DC2C006186D1 /* TestVC.swift in Sources */,
				7822E1A22D40DC2C006186D1 /* SCLoadingView.swift in Sources */,
				780DDCD92D268365000CA610 /* SCSession.swift in Sources */,
				7822E1822D40DC2C006186D1 /* SCLensSelectorView.swift in Sources */,
				780DDCD52D268365000CA610 /* SCHorizontalIndicatorView.swift in Sources */,
				7822E1992D40DC2C006186D1 /* SCPhotoZoomView.swift in Sources */,
				7822E19E2D40DC2C006186D1 /* SCCameraToolBar.swift in Sources */,
				7822E1892D40DC2C006186D1 /* SCToolOption.swift in Sources */,
				7822E17F2D40DC2C006186D1 /* SCCameraVC+SessionDelegate.swift in Sources */,
				780D51042D27C0AC0014A9E1 /* SCSVGImageLoader.swift in Sources */,
				78463F542D2F7C2000D7FA4C /* SCConstants.swift in Sources */,
				7868A9192D1412D700CBB2FB /* AppDelegate.swift in Sources */,
				780DDCD72D268365000CA610 /* SCPhotoSession.swift in Sources */,
				7822E1802D40DC2C006186D1 /* SCCameraVC+ToolBarDelegate.swift in Sources */,
				7822E18E2D40DC2C006186D1 /* SCPhotoInfo.swift in Sources */,
				7822E1852D40DC2C006186D1 /* SCAlert.swift in Sources */,
				7822E1882D40DC2C006186D1 /* SCToolItem.swift in Sources */,
				780DDCD12D268365000CA610 /* SCCameraManager.swift in Sources */,
				780DDCD32D268365000CA610 /* SCFocusBoxView.swift in Sources */,
				780DDCD22D268365000CA610 /* SCError.swift in Sources */,
				7822C4382D379F5800849682 /* UIImage+Extension.swift in Sources */,
				7868A91F2D1412D700CBB2FB /* SceneDelegate.swift in Sources */,
			);
			runOnlyForDeploymentPostprocessing = 0;
		};
/* End PBXSourcesBuildPhase section */

/* Begin PBXVariantGroup section */
		7868A90F2D1412D700CBB2FB /* LaunchScreen.storyboard */ = {
			isa = PBXVariantGroup;
			children = (
				7868A90E2D1412D700CBB2FB /* Base */,
			);
			name = LaunchScreen.storyboard;
			sourceTree = "<group>";
		};
		7868A9112D1412D700CBB2FB /* Main.storyboard */ = {
			isa = PBXVariantGroup;
			children = (
				7868A9102D1412D700CBB2FB /* Base */,
			);
			name = Main.storyboard;
			sourceTree = "<group>";
		};
/* End PBXVariantGroup section */

/* Begin XCBuildConfiguration section */
		7868A8CB2D140E9000CBB2FB /* Debug */ = {
			isa = XCBuildConfiguration;
			buildSettings = {
				ALWAYS_SEARCH_USER_PATHS = NO;
				ASSETCATALOG_COMPILER_GENERATE_SWIFT_ASSET_SYMBOL_EXTENSIONS = YES;
				CLANG_ANALYZER_NONNULL = YES;
				CLANG_ANALYZER_NUMBER_OBJECT_CONVERSION = YES_AGGRESSIVE;
				CLANG_CXX_LANGUAGE_STANDARD = "gnu++20";
				CLANG_ENABLE_MODULES = YES;
				CLANG_ENABLE_OBJC_ARC = YES;
				CLANG_ENABLE_OBJC_WEAK = YES;
				CLANG_WARN_BLOCK_CAPTURE_AUTORELEASING = YES;
				CLANG_WARN_BOOL_CONVERSION = YES;
				CLANG_WARN_COMMA = YES;
				CLANG_WARN_CONSTANT_CONVERSION = YES;
				CLANG_WARN_DEPRECATED_OBJC_IMPLEMENTATIONS = YES;
				CLANG_WARN_DIRECT_OBJC_ISA_USAGE = YES_ERROR;
				CLANG_WARN_DOCUMENTATION_COMMENTS = YES;
				CLANG_WARN_EMPTY_BODY = YES;
				CLANG_WARN_ENUM_CONVERSION = YES;
				CLANG_WARN_INFINITE_RECURSION = YES;
				CLANG_WARN_INT_CONVERSION = YES;
				CLANG_WARN_NON_LITERAL_NULL_CONVERSION = YES;
				CLANG_WARN_OBJC_IMPLICIT_RETAIN_SELF = YES;
				CLANG_WARN_OBJC_LITERAL_CONVERSION = YES;
				CLANG_WARN_OBJC_ROOT_CLASS = YES_ERROR;
				CLANG_WARN_QUOTED_INCLUDE_IN_FRAMEWORK_HEADER = YES;
				CLANG_WARN_RANGE_LOOP_ANALYSIS = YES;
				CLANG_WARN_STRICT_PROTOTYPES = YES;
				CLANG_WARN_SUSPICIOUS_MOVE = YES;
				CLANG_WARN_UNGUARDED_AVAILABILITY = YES_AGGRESSIVE;
				CLANG_WARN_UNREACHABLE_CODE = YES;
				CLANG_WARN__DUPLICATE_METHOD_MATCH = YES;
				COPY_PHASE_STRIP = NO;
				DEBUG_INFORMATION_FORMAT = dwarf;
				ENABLE_STRICT_OBJC_MSGSEND = YES;
				ENABLE_TESTABILITY = YES;
				ENABLE_USER_SCRIPT_SANDBOXING = YES;
				GCC_C_LANGUAGE_STANDARD = gnu17;
				GCC_DYNAMIC_NO_PIC = NO;
				GCC_NO_COMMON_BLOCKS = YES;
				GCC_OPTIMIZATION_LEVEL = 0;
				GCC_PREPROCESSOR_DEFINITIONS = (
					"DEBUG=1",
					"$(inherited)",
				);
				GCC_WARN_64_TO_32_BIT_CONVERSION = YES;
				GCC_WARN_ABOUT_RETURN_TYPE = YES_ERROR;
				GCC_WARN_UNDECLARED_SELECTOR = YES;
				GCC_WARN_UNINITIALIZED_AUTOS = YES_AGGRESSIVE;
				GCC_WARN_UNUSED_FUNCTION = YES;
				GCC_WARN_UNUSED_VARIABLE = YES;
				IPHONEOS_DEPLOYMENT_TARGET = 14.0;
				LOCALIZATION_PREFERS_STRING_CATALOGS = YES;
				MTL_ENABLE_DEBUG_INFO = INCLUDE_SOURCE;
				MTL_FAST_MATH = YES;
				ONLY_ACTIVE_ARCH = YES;
				SDKROOT = iphoneos;
				SWIFT_ACTIVE_COMPILATION_CONDITIONS = "DEBUG $(inherited)";
				SWIFT_OPTIMIZATION_LEVEL = "-Onone";
			};
			name = Debug;
		};
		7868A8CC2D140E9000CBB2FB /* Release */ = {
			isa = XCBuildConfiguration;
			buildSettings = {
				ALWAYS_SEARCH_USER_PATHS = NO;
				ASSETCATALOG_COMPILER_GENERATE_SWIFT_ASSET_SYMBOL_EXTENSIONS = YES;
				CLANG_ANALYZER_NONNULL = YES;
				CLANG_ANALYZER_NUMBER_OBJECT_CONVERSION = YES_AGGRESSIVE;
				CLANG_CXX_LANGUAGE_STANDARD = "gnu++20";
				CLANG_ENABLE_MODULES = YES;
				CLANG_ENABLE_OBJC_ARC = YES;
				CLANG_ENABLE_OBJC_WEAK = YES;
				CLANG_WARN_BLOCK_CAPTURE_AUTORELEASING = YES;
				CLANG_WARN_BOOL_CONVERSION = YES;
				CLANG_WARN_COMMA = YES;
				CLANG_WARN_CONSTANT_CONVERSION = YES;
				CLANG_WARN_DEPRECATED_OBJC_IMPLEMENTATIONS = YES;
				CLANG_WARN_DIRECT_OBJC_ISA_USAGE = YES_ERROR;
				CLANG_WARN_DOCUMENTATION_COMMENTS = YES;
				CLANG_WARN_EMPTY_BODY = YES;
				CLANG_WARN_ENUM_CONVERSION = YES;
				CLANG_WARN_INFINITE_RECURSION = YES;
				CLANG_WARN_INT_CONVERSION = YES;
				CLANG_WARN_NON_LITERAL_NULL_CONVERSION = YES;
				CLANG_WARN_OBJC_IMPLICIT_RETAIN_SELF = YES;
				CLANG_WARN_OBJC_LITERAL_CONVERSION = YES;
				CLANG_WARN_OBJC_ROOT_CLASS = YES_ERROR;
				CLANG_WARN_QUOTED_INCLUDE_IN_FRAMEWORK_HEADER = YES;
				CLANG_WARN_RANGE_LOOP_ANALYSIS = YES;
				CLANG_WARN_STRICT_PROTOTYPES = YES;
				CLANG_WARN_SUSPICIOUS_MOVE = YES;
				CLANG_WARN_UNGUARDED_AVAILABILITY = YES_AGGRESSIVE;
				CLANG_WARN_UNREACHABLE_CODE = YES;
				CLANG_WARN__DUPLICATE_METHOD_MATCH = YES;
				COPY_PHASE_STRIP = NO;
				DEBUG_INFORMATION_FORMAT = "dwarf-with-dsym";
				ENABLE_NS_ASSERTIONS = NO;
				ENABLE_STRICT_OBJC_MSGSEND = YES;
				ENABLE_USER_SCRIPT_SANDBOXING = YES;
				GCC_C_LANGUAGE_STANDARD = gnu17;
				GCC_NO_COMMON_BLOCKS = YES;
				GCC_WARN_64_TO_32_BIT_CONVERSION = YES;
				GCC_WARN_ABOUT_RETURN_TYPE = YES_ERROR;
				GCC_WARN_UNDECLARED_SELECTOR = YES;
				GCC_WARN_UNINITIALIZED_AUTOS = YES_AGGRESSIVE;
				GCC_WARN_UNUSED_FUNCTION = YES;
				GCC_WARN_UNUSED_VARIABLE = YES;
				IPHONEOS_DEPLOYMENT_TARGET = 14.0;
				LOCALIZATION_PREFERS_STRING_CATALOGS = YES;
				MTL_ENABLE_DEBUG_INFO = NO;
				MTL_FAST_MATH = YES;
				SDKROOT = iphoneos;
				SWIFT_COMPILATION_MODE = wholemodule;
				VALIDATE_PRODUCT = YES;
			};
			name = Release;
		};
		7868A8CE2D140E9000CBB2FB /* Debug */ = {
			isa = XCBuildConfiguration;
			baseConfigurationReference = 5EAAE86D17748F0CE08BF087 /* Pods-SparkCamera.debug.xcconfig */;
			buildSettings = {
				ASSETCATALOG_COMPILER_APPICON_NAME = AppIcon;
				ASSETCATALOG_COMPILER_GLOBAL_ACCENT_COLOR_NAME = AccentColor;
				CODE_SIGN_STYLE = Automatic;
				CURRENT_PROJECT_VERSION = 1;
				DEVELOPMENT_TEAM = 97KXK82D47;
				ENABLE_USER_SCRIPT_SANDBOXING = NO;
				GENERATE_INFOPLIST_FILE = YES;
				INFOPLIST_FILE = SparkCamera/Info.plist;
				INFOPLIST_KEY_NSCameraUsageDescription = "需要访问相机以进行拍照";
				INFOPLIST_KEY_NSPhotoLibraryAddUsageDescription = "需要访问相册以保存照片";
				INFOPLIST_KEY_NSPhotoLibraryUsageDescription = "需要访问从相册选择照片";
				INFOPLIST_KEY_UIApplicationSupportsIndirectInputEvents = YES;
				INFOPLIST_KEY_UILaunchStoryboardName = LaunchScreen;
				INFOPLIST_KEY_UIMainStoryboardFile = Main;
				INFOPLIST_KEY_UISupportedInterfaceOrientations_iPad = "UIInterfaceOrientationPortrait UIInterfaceOrientationPortraitUpsideDown UIInterfaceOrientationLandscapeLeft UIInterfaceOrientationLandscapeRight";
				INFOPLIST_KEY_UISupportedInterfaceOrientations_iPhone = "UIInterfaceOrientationPortrait UIInterfaceOrientationLandscapeLeft UIInterfaceOrientationLandscapeRight";
				IPHONEOS_DEPLOYMENT_TARGET = 14.0;
				LD_RUNPATH_SEARCH_PATHS = (
					"$(inherited)",
					"@executable_path/Frameworks",
				);
				MARKETING_VERSION = 0.0.99;
				PRODUCT_BUNDLE_IDENTIFIER = dzw.SparkCamera;
				PRODUCT_NAME = "$(TARGET_NAME)";
				SUPPORTED_PLATFORMS = "iphoneos iphonesimulator";
				SUPPORTS_MACCATALYST = NO;
				SUPPORTS_MAC_DESIGNED_FOR_IPHONE_IPAD = NO;
				SWIFT_EMIT_LOC_STRINGS = YES;
				SWIFT_VERSION = 5.0;
				TARGETED_DEVICE_FAMILY = "1,2";
			};
			name = Debug;
		};
		7868A8CF2D140E9000CBB2FB /* Release */ = {
			isa = XCBuildConfiguration;
			baseConfigurationReference = 8DEB818EFD478EA8CA72924F /* Pods-SparkCamera.release.xcconfig */;
			buildSettings = {
				ASSETCATALOG_COMPILER_APPICON_NAME = AppIcon;
				ASSETCATALOG_COMPILER_GLOBAL_ACCENT_COLOR_NAME = AccentColor;
				CODE_SIGN_STYLE = Automatic;
				CURRENT_PROJECT_VERSION = 1;
				DEVELOPMENT_TEAM = 97KXK82D47;
				ENABLE_USER_SCRIPT_SANDBOXING = NO;
				GENERATE_INFOPLIST_FILE = YES;
				INFOPLIST_FILE = SparkCamera/Info.plist;
				INFOPLIST_KEY_NSCameraUsageDescription = "需要访问相机以进行拍照";
				INFOPLIST_KEY_NSPhotoLibraryAddUsageDescription = "需要访问相册以保存照片";
				INFOPLIST_KEY_NSPhotoLibraryUsageDescription = "需要访问从相册选择照片";
				INFOPLIST_KEY_UIApplicationSupportsIndirectInputEvents = YES;
				INFOPLIST_KEY_UILaunchStoryboardName = LaunchScreen;
				INFOPLIST_KEY_UIMainStoryboardFile = Main;
				INFOPLIST_KEY_UISupportedInterfaceOrientations_iPad = "UIInterfaceOrientationPortrait UIInterfaceOrientationPortraitUpsideDown UIInterfaceOrientationLandscapeLeft UIInterfaceOrientationLandscapeRight";
				INFOPLIST_KEY_UISupportedInterfaceOrientations_iPhone = "UIInterfaceOrientationPortrait UIInterfaceOrientationLandscapeLeft UIInterfaceOrientationLandscapeRight";
				IPHONEOS_DEPLOYMENT_TARGET = 14.0;
				LD_RUNPATH_SEARCH_PATHS = (
					"$(inherited)",
					"@executable_path/Frameworks",
				);
				MARKETING_VERSION = 0.0.99;
				PRODUCT_BUNDLE_IDENTIFIER = dzw.SparkCamera;
				PRODUCT_NAME = "$(TARGET_NAME)";
				SUPPORTED_PLATFORMS = "iphoneos iphonesimulator";
				SUPPORTS_MACCATALYST = NO;
				SUPPORTS_MAC_DESIGNED_FOR_IPHONE_IPAD = NO;
				SWIFT_EMIT_LOC_STRINGS = YES;
				SWIFT_VERSION = 5.0;
				TARGETED_DEVICE_FAMILY = "1,2";
			};
			name = Release;
		};
/* End XCBuildConfiguration section */

/* Begin XCConfigurationList section */
		7868A8B42D140E8F00CBB2FB /* Build configuration list for PBXProject "SparkCamera" */ = {
			isa = XCConfigurationList;
			buildConfigurations = (
				7868A8CB2D140E9000CBB2FB /* Debug */,
				7868A8CC2D140E9000CBB2FB /* Release */,
			);
			defaultConfigurationIsVisible = 0;
			defaultConfigurationName = Release;
		};
		7868A8CD2D140E9000CBB2FB /* Build configuration list for PBXNativeTarget "SparkCamera" */ = {
			isa = XCConfigurationList;
			buildConfigurations = (
				7868A8CE2D140E9000CBB2FB /* Debug */,
				7868A8CF2D140E9000CBB2FB /* Release */,
			);
			defaultConfigurationIsVisible = 0;
			defaultConfigurationName = Release;
		};
/* End XCConfigurationList section */
	};
	rootObject = 7868A8B12D140E8F00CBB2FB /* Project object */;
}
