// !$*UTF8*$!
{
	archiveVersion = 1;
	classes = {
	};
	objectVersion = 56;
	objects = {

/* Begin PBXBuildFile section */
		7868A9152D1412D700CBB2FB /* SCCameraVC.swift in Sources */ = {isa = PBXBuildFile; fileRef = 7868A9032D1412D700CBB2FB /* SCCameraVC.swift */; };
		7868A9162D1412D700CBB2FB /* HomeVC.swift in Sources */ = {isa = PBXBuildFile; fileRef = 7868A9052D1412D700CBB2FB /* HomeVC.swift */; };
		7868A9192D1412D700CBB2FB /* AppDelegate.swift in Sources */ = {isa = PBXBuildFile; fileRef = 7868A90B2D1412D700CBB2FB /* AppDelegate.swift */; };
		7868A91A2D1412D700CBB2FB /* Assets.xcassets in Resources */ = {isa = PBXBuildFile; fileRef = 7868A90C2D1412D700CBB2FB /* Assets.xcassets */; };
		7868A91C2D1412D700CBB2FB /* LaunchScreen.storyboard in Resources */ = {isa = PBXBuildFile; fileRef = 7868A90F2D1412D700CBB2FB /* LaunchScreen.storyboard */; };
		7868A91D2D1412D700CBB2FB /* Main.storyboard in Resources */ = {isa = PBXBuildFile; fileRef = 7868A9112D1412D700CBB2FB /* Main.storyboard */; };
		7868A91E2D1412D700CBB2FB /* Podfile in Resources */ = {isa = PBXBuildFile; fileRef = 7868A9122D1412D700CBB2FB /* Podfile */; };
		7868A91F2D1412D700CBB2FB /* SceneDelegate.swift in Sources */ = {isa = PBXBuildFile; fileRef = 7868A9132D1412D700CBB2FB /* SceneDelegate.swift */; };
		78F415842D14323E0052D779 /* SCError.swift in Sources */ = {isa = PBXBuildFile; fileRef = 78F4157C2D14323E0052D779 /* SCError.swift */; };
		78F415852D14323E0052D779 /* SCGridView.swift in Sources */ = {isa = PBXBuildFile; fileRef = 78F4157D2D14323E0052D779 /* SCGridView.swift */; };
		78F415862D14323E0052D779 /* SCPhotoSession.swift in Sources */ = {isa = PBXBuildFile; fileRef = 78F4157E2D14323E0052D779 /* SCPhotoSession.swift */; };
		78F415872D14323E0052D779 /* SCPreviewView.swift in Sources */ = {isa = PBXBuildFile; fileRef = 78F4157F2D14323E0052D779 /* SCPreviewView.swift */; };
		78F415882D14323E0052D779 /* SCSession.swift in Sources */ = {isa = PBXBuildFile; fileRef = 78F415802D14323E0052D779 /* SCSession.swift */; };
		78F415892D14323E0052D779 /* SCUtils.swift in Sources */ = {isa = PBXBuildFile; fileRef = 78F415812D14323E0052D779 /* SCUtils.swift */; };
		78F4158A2D14323E0052D779 /* SCVideoSession.swift in Sources */ = {isa = PBXBuildFile; fileRef = 78F415822D14323E0052D779 /* SCVideoSession.swift */; };
		EF358B93AFDB670D408BB2BD /* Pods_SparkCamera.framework in Frameworks */ = {isa = PBXBuildFile; fileRef = E7C103E5C423F592342A2FB6 /* Pods_SparkCamera.framework */; };
/* End PBXBuildFile section */

/* Begin PBXFileReference section */
		5EAAE86D17748F0CE08BF087 /* Pods-SparkCamera.debug.xcconfig */ = {isa = PBXFileReference; includeInIndex = 1; lastKnownFileType = text.xcconfig; name = "Pods-SparkCamera.debug.xcconfig"; path = "Target Support Files/Pods-SparkCamera/Pods-SparkCamera.debug.xcconfig"; sourceTree = "<group>"; };
		7868A8B92D140E8F00CBB2FB /* SparkCamera.app */ = {isa = PBXFileReference; explicitFileType = wrapper.application; includeInIndex = 0; path = SparkCamera.app; sourceTree = BUILT_PRODUCTS_DIR; };
		7868A9032D1412D700CBB2FB /* SCCameraVC.swift */ = {isa = PBXFileReference; fileEncoding = 4; lastKnownFileType = sourcecode.swift; path = SCCameraVC.swift; sourceTree = "<group>"; };
		7868A9052D1412D700CBB2FB /* HomeVC.swift */ = {isa = PBXFileReference; fileEncoding = 4; lastKnownFileType = sourcecode.swift; path = HomeVC.swift; sourceTree = "<group>"; };
		7868A90B2D1412D700CBB2FB /* AppDelegate.swift */ = {isa = PBXFileReference; fileEncoding = 4; lastKnownFileType = sourcecode.swift; path = AppDelegate.swift; sourceTree = "<group>"; };
		7868A90C2D1412D700CBB2FB /* Assets.xcassets */ = {isa = PBXFileReference; lastKnownFileType = folder.assetcatalog; path = Assets.xcassets; sourceTree = "<group>"; };
		7868A90D2D1412D700CBB2FB /* Info.plist */ = {isa = PBXFileReference; fileEncoding = 4; lastKnownFileType = text.plist.xml; path = Info.plist; sourceTree = "<group>"; };
		7868A90E2D1412D700CBB2FB /* Base */ = {isa = PBXFileReference; lastKnownFileType = file.storyboard; name = Base; path = Base.lproj/LaunchScreen.storyboard; sourceTree = "<group>"; };
		7868A9102D1412D700CBB2FB /* Base */ = {isa = PBXFileReference; lastKnownFileType = file.storyboard; name = Base; path = Base.lproj/Main.storyboard; sourceTree = "<group>"; };
		7868A9122D1412D700CBB2FB /* Podfile */ = {isa = PBXFileReference; fileEncoding = 4; lastKnownFileType = text; path = Podfile; sourceTree = "<group>"; };
		7868A9132D1412D700CBB2FB /* SceneDelegate.swift */ = {isa = PBXFileReference; fileEncoding = 4; lastKnownFileType = sourcecode.swift; path = SceneDelegate.swift; sourceTree = "<group>"; };
		78F4157C2D14323E0052D779 /* SCError.swift */ = {isa = PBXFileReference; fileEncoding = 4; lastKnownFileType = sourcecode.swift; path = SCError.swift; sourceTree = "<group>"; };
		78F4157D2D14323E0052D779 /* SCGridView.swift */ = {isa = PBXFileReference; fileEncoding = 4; lastKnownFileType = sourcecode.swift; path = SCGridView.swift; sourceTree = "<group>"; };
		78F4157E2D14323E0052D779 /* SCPhotoSession.swift */ = {isa = PBXFileReference; fileEncoding = 4; lastKnownFileType = sourcecode.swift; path = SCPhotoSession.swift; sourceTree = "<group>"; };
		78F4157F2D14323E0052D779 /* SCPreviewView.swift */ = {isa = PBXFileReference; fileEncoding = 4; lastKnownFileType = sourcecode.swift; path = SCPreviewView.swift; sourceTree = "<group>"; };
		78F415802D14323E0052D779 /* SCSession.swift */ = {isa = PBXFileReference; fileEncoding = 4; lastKnownFileType = sourcecode.swift; path = SCSession.swift; sourceTree = "<group>"; };
		78F415812D14323E0052D779 /* SCUtils.swift */ = {isa = PBXFileReference; fileEncoding = 4; lastKnownFileType = sourcecode.swift; path = SCUtils.swift; sourceTree = "<group>"; };
		78F415822D14323E0052D779 /* SCVideoSession.swift */ = {isa = PBXFileReference; fileEncoding = 4; lastKnownFileType = sourcecode.swift; path = SCVideoSession.swift; sourceTree = "<group>"; };
		8DEB818EFD478EA8CA72924F /* Pods-SparkCamera.release.xcconfig */ = {isa = PBXFileReference; includeInIndex = 1; lastKnownFileType = text.xcconfig; name = "Pods-SparkCamera.release.xcconfig"; path = "Target Support Files/Pods-SparkCamera/Pods-SparkCamera.release.xcconfig"; sourceTree = "<group>"; };
		E7C103E5C423F592342A2FB6 /* Pods_SparkCamera.framework */ = {isa = PBXFileReference; explicitFileType = wrapper.framework; includeInIndex = 0; path = Pods_SparkCamera.framework; sourceTree = BUILT_PRODUCTS_DIR; };
/* End PBXFileReference section */

/* Begin PBXFrameworksBuildPhase section */
		7868A8B62D140E8F00CBB2FB /* Frameworks */ = {
			isa = PBXFrameworksBuildPhase;
			buildActionMask = 2147483647;
			files = (
				EF358B93AFDB670D408BB2BD /* Pods_SparkCamera.framework in Frameworks */,
			);
			runOnlyForDeploymentPostprocessing = 0;
		};
/* End PBXFrameworksBuildPhase section */

/* Begin PBXGroup section */
		66933ACF6D534257F7A6CE7E /* Pods */ = {
			isa = PBXGroup;
			children = (
				5EAAE86D17748F0CE08BF087 /* Pods-SparkCamera.debug.xcconfig */,
				8DEB818EFD478EA8CA72924F /* Pods-SparkCamera.release.xcconfig */,
			);
			path = Pods;
			sourceTree = "<group>";
		};
		7868A8B02D140E8F00CBB2FB = {
			isa = PBXGroup;
			children = (
				7868A9142D1412D700CBB2FB /* SparkCamera */,
				7868A8BA2D140E8F00CBB2FB /* Products */,
				66933ACF6D534257F7A6CE7E /* Pods */,
				88AE9370E3F73C4E988C86BC /* Frameworks */,
			);
			sourceTree = "<group>";
		};
		7868A8BA2D140E8F00CBB2FB /* Products */ = {
			isa = PBXGroup;
			children = (
				7868A8B92D140E8F00CBB2FB /* SparkCamera.app */,
			);
			name = Products;
			sourceTree = "<group>";
		};
		7868A9042D1412D700CBB2FB /* Camera */ = {
			isa = PBXGroup;
			children = (
				7868A9032D1412D700CBB2FB /* SCCameraVC.swift */,
			);
			path = Camera;
			sourceTree = "<group>";
		};
		7868A9062D1412D700CBB2FB /* Home */ = {
			isa = PBXGroup;
			children = (
				7868A9052D1412D700CBB2FB /* HomeVC.swift */,
			);
			path = Home;
			sourceTree = "<group>";
		};
		7868A9072D1412D700CBB2FB /* Modules */ = {
			isa = PBXGroup;
			children = (
				7868A9042D1412D700CBB2FB /* Camera */,
				7868A9062D1412D700CBB2FB /* Home */,
			);
			path = Modules;
			sourceTree = "<group>";
		};
		7868A9142D1412D700CBB2FB /* SparkCamera */ = {
			isa = PBXGroup;
			children = (
				78F415832D14323E0052D779 /* CameraKit */,
				7868A9072D1412D700CBB2FB /* Modules */,
				7868A90B2D1412D700CBB2FB /* AppDelegate.swift */,
				7868A90C2D1412D700CBB2FB /* Assets.xcassets */,
				7868A90D2D1412D700CBB2FB /* Info.plist */,
				7868A90F2D1412D700CBB2FB /* LaunchScreen.storyboard */,
				7868A9112D1412D700CBB2FB /* Main.storyboard */,
				7868A9122D1412D700CBB2FB /* Podfile */,
				7868A9132D1412D700CBB2FB /* SceneDelegate.swift */,
			);
			path = SparkCamera;
			sourceTree = "<group>";
		};
		78F415832D14323E0052D779 /* CameraKit */ = {
			isa = PBXGroup;
			children = (
				78F4157C2D14323E0052D779 /* SCError.swift */,
				78F4157D2D14323E0052D779 /* SCGridView.swift */,
				78F4157E2D14323E0052D779 /* SCPhotoSession.swift */,
				78F4157F2D14323E0052D779 /* SCPreviewView.swift */,
				78F415802D14323E0052D779 /* SCSession.swift */,
				78F415812D14323E0052D779 /* SCUtils.swift */,
				78F415822D14323E0052D779 /* SCVideoSession.swift */,
			);
			path = CameraKit;
			sourceTree = "<group>";
		};
		88AE9370E3F73C4E988C86BC /* Frameworks */ = {
			isa = PBXGroup;
			children = (
				E7C103E5C423F592342A2FB6 /* Pods_SparkCamera.framework */,
			);
			name = Frameworks;
			sourceTree = "<group>";
		};
/* End PBXGroup section */

/* Begin PBXNativeTarget section */
		7868A8B82D140E8F00CBB2FB /* SparkCamera */ = {
			isa = PBXNativeTarget;
			buildConfigurationList = 7868A8CD2D140E9000CBB2FB /* Build configuration list for PBXNativeTarget "SparkCamera" */;
			buildPhases = (
				763B37162040348C44F6A7FB /* [CP] Check Pods Manifest.lock */,
				7868A8B52D140E8F00CBB2FB /* Sources */,
				7868A8B62D140E8F00CBB2FB /* Frameworks */,
				7868A8B72D140E8F00CBB2FB /* Resources */,
				3C087AAB9BF31A8FA00A5645 /* [CP] Embed Pods Frameworks */,
			);
			buildRules = (
			);
			dependencies = (
			);
			name = SparkCamera;
			productName = SparkCamera;
			productReference = 7868A8B92D140E8F00CBB2FB /* SparkCamera.app */;
			productType = "com.apple.product-type.application";
		};
/* End PBXNativeTarget section */

/* Begin PBXProject section */
		7868A8B12D140E8F00CBB2FB /* Project object */ = {
			isa = PBXProject;
			attributes = {
				BuildIndependentTargetsInParallel = 1;
				LastSwiftUpdateCheck = 1530;
				LastUpgradeCheck = 1530;
				TargetAttributes = {
					7868A8B82D140E8F00CBB2FB = {
						CreatedOnToolsVersion = 15.3;
					};
				};
			};
			buildConfigurationList = 7868A8B42D140E8F00CBB2FB /* Build configuration list for PBXProject "SparkCamera" */;
			compatibilityVersion = "Xcode 14.0";
			developmentRegion = en;
			hasScannedForEncodings = 0;
			knownRegions = (
				en,
				Base,
			);
			mainGroup = 7868A8B02D140E8F00CBB2FB;
			productRefGroup = 7868A8BA2D140E8F00CBB2FB /* Products */;
			projectDirPath = "";
			projectRoot = "";
			targets = (
				7868A8B82D140E8F00CBB2FB /* SparkCamera */,
			);
		};
/* End PBXProject section */

/* Begin PBXResourcesBuildPhase section */
		7868A8B72D140E8F00CBB2FB /* Resources */ = {
			isa = PBXResourcesBuildPhase;
			buildActionMask = 2147483647;
			files = (
				7868A91E2D1412D700CBB2FB /* Podfile in Resources */,
				7868A91C2D1412D700CBB2FB /* LaunchScreen.storyboard in Resources */,
				7868A91A2D1412D700CBB2FB /* Assets.xcassets in Resources */,
				7868A91D2D1412D700CBB2FB /* Main.storyboard in Resources */,
			);
			runOnlyForDeploymentPostprocessing = 0;
		};
/* End PBXResourcesBuildPhase section */

/* Begin PBXShellScriptBuildPhase section */
		3C087AAB9BF31A8FA00A5645 /* [CP] Embed Pods Frameworks */ = {
			isa = PBXShellScriptBuildPhase;
			buildActionMask = 2147483647;
			files = (
			);
			inputFileListPaths = (
				"${PODS_ROOT}/Target Support Files/Pods-SparkCamera/Pods-SparkCamera-frameworks-${CONFIGURATION}-input-files.xcfilelist",
			);
			name = "[CP] Embed Pods Frameworks";
			outputFileListPaths = (
				"${PODS_ROOT}/Target Support Files/Pods-SparkCamera/Pods-SparkCamera-frameworks-${CONFIGURATION}-output-files.xcfilelist",
			);
			runOnlyForDeploymentPostprocessing = 0;
			shellPath = /bin/sh;
			shellScript = "\"${PODS_ROOT}/Target Support Files/Pods-SparkCamera/Pods-SparkCamera-frameworks.sh\"\n";
			showEnvVarsInLog = 0;
		};
		763B37162040348C44F6A7FB /* [CP] Check Pods Manifest.lock */ = {
			isa = PBXShellScriptBuildPhase;
			buildActionMask = 2147483647;
			files = (
			);
			inputFileListPaths = (
			);
			inputPaths = (
				"${PODS_PODFILE_DIR_PATH}/Podfile.lock",
				"${PODS_ROOT}/Manifest.lock",
			);
			name = "[CP] Check Pods Manifest.lock";
			outputFileListPaths = (
			);
			outputPaths = (
				"$(DERIVED_FILE_DIR)/Pods-SparkCamera-checkManifestLockResult.txt",
			);
			runOnlyForDeploymentPostprocessing = 0;
			shellPath = /bin/sh;
			shellScript = "diff \"${PODS_PODFILE_DIR_PATH}/Podfile.lock\" \"${PODS_ROOT}/Manifest.lock\" > /dev/null\nif [ $? != 0 ] ; then\n    # print error to STDERR\n    echo \"error: The sandbox is not in sync with the Podfile.lock. Run 'pod install' or update your CocoaPods installation.\" >&2\n    exit 1\nfi\n# This output is used by Xcode 'outputs' to avoid re-running this script phase.\necho \"SUCCESS\" > \"${SCRIPT_OUTPUT_FILE_0}\"\n";
			showEnvVarsInLog = 0;
		};
/* End PBXShellScriptBuildPhase section */

/* Begin PBXSourcesBuildPhase section */
		7868A8B52D140E8F00CBB2FB /* Sources */ = {
			isa = PBXSourcesBuildPhase;
			buildActionMask = 2147483647;
			files = (
				78F415862D14323E0052D779 /* SCPhotoSession.swift in Sources */,
				78F415892D14323E0052D779 /* SCUtils.swift in Sources */,
				78F415872D14323E0052D779 /* SCPreviewView.swift in Sources */,
				7868A9152D1412D700CBB2FB /* SCCameraVC.swift in Sources */,
				7868A9162D1412D700CBB2FB /* HomeVC.swift in Sources */,
				78F415882D14323E0052D779 /* SCSession.swift in Sources */,
				78F415852D14323E0052D779 /* SCGridView.swift in Sources */,
				7868A9192D1412D700CBB2FB /* AppDelegate.swift in Sources */,
				78F415842D14323E0052D779 /* SCError.swift in Sources */,
				7868A91F2D1412D700CBB2FB /* SceneDelegate.swift in Sources */,
				78F4158A2D14323E0052D779 /* SCVideoSession.swift in Sources */,
			);
			runOnlyForDeploymentPostprocessing = 0;
		};
/* End PBXSourcesBuildPhase section */

/* Begin PBXVariantGroup section */
		7868A90F2D1412D700CBB2FB /* LaunchScreen.storyboard */ = {
			isa = PBXVariantGroup;
			children = (
				7868A90E2D1412D700CBB2FB /* Base */,
			);
			name = LaunchScreen.storyboard;
			sourceTree = "<group>";
		};
		7868A9112D1412D700CBB2FB /* Main.storyboard */ = {
			isa = PBXVariantGroup;
			children = (
				7868A9102D1412D700CBB2FB /* Base */,
			);
			name = Main.storyboard;
			sourceTree = "<group>";
		};
/* End PBXVariantGroup section */

/* Begin XCBuildConfiguration section */
		7868A8CB2D140E9000CBB2FB /* Debug */ = {
			isa = XCBuildConfiguration;
			buildSettings = {
				ALWAYS_SEARCH_USER_PATHS = NO;
				ASSETCATALOG_COMPILER_GENERATE_SWIFT_ASSET_SYMBOL_EXTENSIONS = YES;
				CLANG_ANALYZER_NONNULL = YES;
				CLANG_ANALYZER_NUMBER_OBJECT_CONVERSION = YES_AGGRESSIVE;
				CLANG_CXX_LANGUAGE_STANDARD = "gnu++20";
				CLANG_ENABLE_MODULES = YES;
				CLANG_ENABLE_OBJC_ARC = YES;
				CLANG_ENABLE_OBJC_WEAK = YES;
				CLANG_WARN_BLOCK_CAPTURE_AUTORELEASING = YES;
				CLANG_WARN_BOOL_CONVERSION = YES;
				CLANG_WARN_COMMA = YES;
				CLANG_WARN_CONSTANT_CONVERSION = YES;
				CLANG_WARN_DEPRECATED_OBJC_IMPLEMENTATIONS = YES;
				CLANG_WARN_DIRECT_OBJC_ISA_USAGE = YES_ERROR;
				CLANG_WARN_DOCUMENTATION_COMMENTS = YES;
				CLANG_WARN_EMPTY_BODY = YES;
				CLANG_WARN_ENUM_CONVERSION = YES;
				CLANG_WARN_INFINITE_RECURSION = YES;
				CLANG_WARN_INT_CONVERSION = YES;
				CLANG_WARN_NON_LITERAL_NULL_CONVERSION = YES;
				CLANG_WARN_OBJC_IMPLICIT_RETAIN_SELF = YES;
				CLANG_WARN_OBJC_LITERAL_CONVERSION = YES;
				CLANG_WARN_OBJC_ROOT_CLASS = YES_ERROR;
				CLANG_WARN_QUOTED_INCLUDE_IN_FRAMEWORK_HEADER = YES;
				CLANG_WARN_RANGE_LOOP_ANALYSIS = YES;
				CLANG_WARN_STRICT_PROTOTYPES = YES;
				CLANG_WARN_SUSPICIOUS_MOVE = YES;
				CLANG_WARN_UNGUARDED_AVAILABILITY = YES_AGGRESSIVE;
				CLANG_WARN_UNREACHABLE_CODE = YES;
				CLANG_WARN__DUPLICATE_METHOD_MATCH = YES;
				COPY_PHASE_STRIP = NO;
				DEBUG_INFORMATION_FORMAT = dwarf;
				ENABLE_STRICT_OBJC_MSGSEND = YES;
				ENABLE_TESTABILITY = YES;
				ENABLE_USER_SCRIPT_SANDBOXING = YES;
				GCC_C_LANGUAGE_STANDARD = gnu17;
				GCC_DYNAMIC_NO_PIC = NO;
				GCC_NO_COMMON_BLOCKS = YES;
				GCC_OPTIMIZATION_LEVEL = 0;
				GCC_PREPROCESSOR_DEFINITIONS = (
					"DEBUG=1",
					"$(inherited)",
				);
				GCC_WARN_64_TO_32_BIT_CONVERSION = YES;
				GCC_WARN_ABOUT_RETURN_TYPE = YES_ERROR;
				GCC_WARN_UNDECLARED_SELECTOR = YES;
				GCC_WARN_UNINITIALIZED_AUTOS = YES_AGGRESSIVE;
				GCC_WARN_UNUSED_FUNCTION = YES;
				GCC_WARN_UNUSED_VARIABLE = YES;
				IPHONEOS_DEPLOYMENT_TARGET = 14.0;
				LOCALIZATION_PREFERS_STRING_CATALOGS = YES;
				MTL_ENABLE_DEBUG_INFO = INCLUDE_SOURCE;
				MTL_FAST_MATH = YES;
				ONLY_ACTIVE_ARCH = YES;
				SDKROOT = iphoneos;
				SWIFT_ACTIVE_COMPILATION_CONDITIONS = "DEBUG $(inherited)";
				SWIFT_OPTIMIZATION_LEVEL = "-Onone";
			};
			name = Debug;
		};
		7868A8CC2D140E9000CBB2FB /* Release */ = {
			isa = XCBuildConfiguration;
			buildSettings = {
				ALWAYS_SEARCH_USER_PATHS = NO;
				ASSETCATALOG_COMPILER_GENERATE_SWIFT_ASSET_SYMBOL_EXTENSIONS = YES;
				CLANG_ANALYZER_NONNULL = YES;
				CLANG_ANALYZER_NUMBER_OBJECT_CONVERSION = YES_AGGRESSIVE;
				CLANG_CXX_LANGUAGE_STANDARD = "gnu++20";
				CLANG_ENABLE_MODULES = YES;
				CLANG_ENABLE_OBJC_ARC = YES;
				CLANG_ENABLE_OBJC_WEAK = YES;
				CLANG_WARN_BLOCK_CAPTURE_AUTORELEASING = YES;
				CLANG_WARN_BOOL_CONVERSION = YES;
				CLANG_WARN_COMMA = YES;
				CLANG_WARN_CONSTANT_CONVERSION = YES;
				CLANG_WARN_DEPRECATED_OBJC_IMPLEMENTATIONS = YES;
				CLANG_WARN_DIRECT_OBJC_ISA_USAGE = YES_ERROR;
				CLANG_WARN_DOCUMENTATION_COMMENTS = YES;
				CLANG_WARN_EMPTY_BODY = YES;
				CLANG_WARN_ENUM_CONVERSION = YES;
				CLANG_WARN_INFINITE_RECURSION = YES;
				CLANG_WARN_INT_CONVERSION = YES;
				CLANG_WARN_NON_LITERAL_NULL_CONVERSION = YES;
				CLANG_WARN_OBJC_IMPLICIT_RETAIN_SELF = YES;
				CLANG_WARN_OBJC_LITERAL_CONVERSION = YES;
				CLANG_WARN_OBJC_ROOT_CLASS = YES_ERROR;
				CLANG_WARN_QUOTED_INCLUDE_IN_FRAMEWORK_HEADER = YES;
				CLANG_WARN_RANGE_LOOP_ANALYSIS = YES;
				CLANG_WARN_STRICT_PROTOTYPES = YES;
				CLANG_WARN_SUSPICIOUS_MOVE = YES;
				CLANG_WARN_UNGUARDED_AVAILABILITY = YES_AGGRESSIVE;
				CLANG_WARN_UNREACHABLE_CODE = YES;
				CLANG_WARN__DUPLICATE_METHOD_MATCH = YES;
				COPY_PHASE_STRIP = NO;
				DEBUG_INFORMATION_FORMAT = "dwarf-with-dsym";
				ENABLE_NS_ASSERTIONS = NO;
				ENABLE_STRICT_OBJC_MSGSEND = YES;
				ENABLE_USER_SCRIPT_SANDBOXING = YES;
				GCC_C_LANGUAGE_STANDARD = gnu17;
				GCC_NO_COMMON_BLOCKS = YES;
				GCC_WARN_64_TO_32_BIT_CONVERSION = YES;
				GCC_WARN_ABOUT_RETURN_TYPE = YES_ERROR;
				GCC_WARN_UNDECLARED_SELECTOR = YES;
				GCC_WARN_UNINITIALIZED_AUTOS = YES_AGGRESSIVE;
				GCC_WARN_UNUSED_FUNCTION = YES;
				GCC_WARN_UNUSED_VARIABLE = YES;
				IPHONEOS_DEPLOYMENT_TARGET = 14.0;
				LOCALIZATION_PREFERS_STRING_CATALOGS = YES;
				MTL_ENABLE_DEBUG_INFO = NO;
				MTL_FAST_MATH = YES;
				SDKROOT = iphoneos;
				SWIFT_COMPILATION_MODE = wholemodule;
				VALIDATE_PRODUCT = YES;
			};
			name = Release;
		};
		7868A8CE2D140E9000CBB2FB /* Debug */ = {
			isa = XCBuildConfiguration;
			baseConfigurationReference = 5EAAE86D17748F0CE08BF087 /* Pods-SparkCamera.debug.xcconfig */;
			buildSettings = {
				ASSETCATALOG_COMPILER_APPICON_NAME = AppIcon;
				ASSETCATALOG_COMPILER_GLOBAL_ACCENT_COLOR_NAME = AccentColor;
				CODE_SIGN_STYLE = Automatic;
				CURRENT_PROJECT_VERSION = 1;
				DEVELOPMENT_TEAM = 97KXK82D47;
				ENABLE_USER_SCRIPT_SANDBOXING = NO;
				GENERATE_INFOPLIST_FILE = YES;
				INFOPLIST_FILE = SparkCamera/Info.plist;
				INFOPLIST_KEY_NSCameraUsageDescription = "需要访问相机以进行拍照";
				INFOPLIST_KEY_NSPhotoLibraryAddUsageDescription = "需要访问相册以保存照片";
				INFOPLIST_KEY_NSPhotoLibraryUsageDescription = "需要访问从相册选择照片";
				INFOPLIST_KEY_UIApplicationSupportsIndirectInputEvents = YES;
				INFOPLIST_KEY_UILaunchStoryboardName = LaunchScreen;
				INFOPLIST_KEY_UIMainStoryboardFile = Main;
				INFOPLIST_KEY_UISupportedInterfaceOrientations_iPad = "UIInterfaceOrientationPortrait UIInterfaceOrientationPortraitUpsideDown UIInterfaceOrientationLandscapeLeft UIInterfaceOrientationLandscapeRight";
				INFOPLIST_KEY_UISupportedInterfaceOrientations_iPhone = "UIInterfaceOrientationPortrait UIInterfaceOrientationLandscapeLeft UIInterfaceOrientationLandscapeRight";
				IPHONEOS_DEPLOYMENT_TARGET = 14.0;
				LD_RUNPATH_SEARCH_PATHS = (
					"$(inherited)",
					"@executable_path/Frameworks",
				);
				MARKETING_VERSION = 1.0;
				PRODUCT_BUNDLE_IDENTIFIER = dzw.SparkCamera;
				PRODUCT_NAME = "$(TARGET_NAME)";
				SWIFT_EMIT_LOC_STRINGS = YES;
				SWIFT_VERSION = 5.0;
				TARGETED_DEVICE_FAMILY = "1,2";
			};
			name = Debug;
		};
		7868A8CF2D140E9000CBB2FB /* Release */ = {
			isa = XCBuildConfiguration;
			baseConfigurationReference = 8DEB818EFD478EA8CA72924F /* Pods-SparkCamera.release.xcconfig */;
			buildSettings = {
				ASSETCATALOG_COMPILER_APPICON_NAME = AppIcon;
				ASSETCATALOG_COMPILER_GLOBAL_ACCENT_COLOR_NAME = AccentColor;
				CODE_SIGN_STYLE = Automatic;
				CURRENT_PROJECT_VERSION = 1;
				DEVELOPMENT_TEAM = 97KXK82D47;
				ENABLE_USER_SCRIPT_SANDBOXING = NO;
				GENERATE_INFOPLIST_FILE = YES;
				INFOPLIST_FILE = SparkCamera/Info.plist;
				INFOPLIST_KEY_NSCameraUsageDescription = "需要访问相机以进行拍照";
				INFOPLIST_KEY_NSPhotoLibraryAddUsageDescription = "需要访问相册以保存照片";
				INFOPLIST_KEY_NSPhotoLibraryUsageDescription = "需要访问从相册选择照片";
				INFOPLIST_KEY_UIApplicationSupportsIndirectInputEvents = YES;
				INFOPLIST_KEY_UILaunchStoryboardName = LaunchScreen;
				INFOPLIST_KEY_UIMainStoryboardFile = Main;
				INFOPLIST_KEY_UISupportedInterfaceOrientations_iPad = "UIInterfaceOrientationPortrait UIInterfaceOrientationPortraitUpsideDown UIInterfaceOrientationLandscapeLeft UIInterfaceOrientationLandscapeRight";
				INFOPLIST_KEY_UISupportedInterfaceOrientations_iPhone = "UIInterfaceOrientationPortrait UIInterfaceOrientationLandscapeLeft UIInterfaceOrientationLandscapeRight";
				IPHONEOS_DEPLOYMENT_TARGET = 14.0;
				LD_RUNPATH_SEARCH_PATHS = (
					"$(inherited)",
					"@executable_path/Frameworks",
				);
				MARKETING_VERSION = 1.0;
				PRODUCT_BUNDLE_IDENTIFIER = dzw.SparkCamera;
				PRODUCT_NAME = "$(TARGET_NAME)";
				SWIFT_EMIT_LOC_STRINGS = YES;
				SWIFT_VERSION = 5.0;
				TARGETED_DEVICE_FAMILY = "1,2";
			};
			name = Release;
		};
/* End XCBuildConfiguration section */

/* Begin XCConfigurationList section */
		7868A8B42D140E8F00CBB2FB /* Build configuration list for PBXProject "SparkCamera" */ = {
			isa = XCConfigurationList;
			buildConfigurations = (
				7868A8CB2D140E9000CBB2FB /* Debug */,
				7868A8CC2D140E9000CBB2FB /* Release */,
			);
			defaultConfigurationIsVisible = 0;
			defaultConfigurationName = Release;
		};
		7868A8CD2D140E9000CBB2FB /* Build configuration list for PBXNativeTarget "SparkCamera" */ = {
			isa = XCConfigurationList;
			buildConfigurations = (
				7868A8CE2D140E9000CBB2FB /* Debug */,
				7868A8CF2D140E9000CBB2FB /* Release */,
			);
			defaultConfigurationIsVisible = 0;
			defaultConfigurationName = Release;
		};
/* End XCConfigurationList section */
	};
	rootObject = 7868A8B12D140E8F00CBB2FB /* Project object */;
}
